// !$*UTF8*$!
{
	archiveVersion = 1;
	classes = {
	};
	objectVersion = 48;
	objects = {

/* Begin PBXBuildFile section */
		10DBE7761F259E6900B71C1F /* AppDelegate.swift in Sources */ = {isa = PBXBuildFile; fileRef = 10DBE7751F259E6900B71C1F /* AppDelegate.swift */; };
		10DBE7781F259E6900B71C1F /* ViewController.swift in Sources */ = {isa = PBXBuildFile; fileRef = 10DBE7771F259E6900B71C1F /* ViewController.swift */; };
		10DBE77B1F259E6900B71C1F /* Main.storyboard in Resources */ = {isa = PBXBuildFile; fileRef = 10DBE7791F259E6900B71C1F /* Main.storyboard */; };
		10DBE77E1F259E6900B71C1F /* YoutubePrototype.xcdatamodeld in Sources */ = {isa = PBXBuildFile; fileRef = 10DBE77C1F259E6900B71C1F /* YoutubePrototype.xcdatamodeld */; };
		10DBE7801F259E6900B71C1F /* Assets.xcassets in Resources */ = {isa = PBXBuildFile; fileRef = 10DBE77F1F259E6900B71C1F /* Assets.xcassets */; };
		10DBE7831F259E6900B71C1F /* LaunchScreen.storyboard in Resources */ = {isa = PBXBuildFile; fileRef = 10DBE7811F259E6900B71C1F /* LaunchScreen.storyboard */; };
		10DBE78E1F259E6A00B71C1F /* YoutubePrototypeTests.swift in Sources */ = {isa = PBXBuildFile; fileRef = 10DBE78D1F259E6A00B71C1F /* YoutubePrototypeTests.swift */; };
		10DBE7991F259E6A00B71C1F /* YoutubePrototypeUITests.swift in Sources */ = {isa = PBXBuildFile; fileRef = 10DBE7981F259E6A00B71C1F /* YoutubePrototypeUITests.swift */; };
/* End PBXBuildFile section */

/* Begin PBXContainerItemProxy section */
		10DBE78A1F259E6A00B71C1F /* PBXContainerItemProxy */ = {
			isa = PBXContainerItemProxy;
			containerPortal = 10DBE76A1F259E6900B71C1F /* Project object */;
			proxyType = 1;
			remoteGlobalIDString = 10DBE7711F259E6900B71C1F;
			remoteInfo = YoutubePrototype;
		};
		10DBE7951F259E6A00B71C1F /* PBXContainerItemProxy */ = {
			isa = PBXContainerItemProxy;
			containerPortal = 10DBE76A1F259E6900B71C1F /* Project object */;
			proxyType = 1;
			remoteGlobalIDString = 10DBE7711F259E6900B71C1F;
			remoteInfo = YoutubePrototype;
		};
/* End PBXContainerItemProxy section */

/* Begin PBXFileReference section */
		10DBE7721F259E6900B71C1F /* YoutubePrototype.app */ = {isa = PBXFileReference; explicitFileType = wrapper.application; includeInIndex = 0; path = YoutubePrototype.app; sourceTree = BUILT_PRODUCTS_DIR; };
		10DBE7751F259E6900B71C1F /* AppDelegate.swift */ = {isa = PBXFileReference; lastKnownFileType = sourcecode.swift; path = AppDelegate.swift; sourceTree = "<group>"; };
		10DBE7771F259E6900B71C1F /* ViewController.swift */ = {isa = PBXFileReference; lastKnownFileType = sourcecode.swift; path = ViewController.swift; sourceTree = "<group>"; };
		10DBE77A1F259E6900B71C1F /* Base */ = {isa = PBXFileReference; lastKnownFileType = file.storyboard; name = Base; path = Base.lproj/Main.storyboard; sourceTree = "<group>"; };
		10DBE77D1F259E6900B71C1F /* YoutubePrototype.xcdatamodel */ = {isa = PBXFileReference; lastKnownFileType = wrapper.xcdatamodel; path = YoutubePrototype.xcdatamodel; sourceTree = "<group>"; };
		10DBE77F1F259E6900B71C1F /* Assets.xcassets */ = {isa = PBXFileReference; lastKnownFileType = folder.assetcatalog; path = Assets.xcassets; sourceTree = "<group>"; };
		10DBE7821F259E6900B71C1F /* Base */ = {isa = PBXFileReference; lastKnownFileType = file.storyboard; name = Base; path = Base.lproj/LaunchScreen.storyboard; sourceTree = "<group>"; };
		10DBE7841F259E6900B71C1F /* Info.plist */ = {isa = PBXFileReference; lastKnownFileType = text.plist.xml; path = Info.plist; sourceTree = "<group>"; };
		10DBE7891F259E6A00B71C1F /* YoutubePrototypeTests.xctest */ = {isa = PBXFileReference; explicitFileType = wrapper.cfbundle; includeInIndex = 0; path = YoutubePrototypeTests.xctest; sourceTree = BUILT_PRODUCTS_DIR; };
		10DBE78D1F259E6A00B71C1F /* YoutubePrototypeTests.swift */ = {isa = PBXFileReference; lastKnownFileType = sourcecode.swift; path = YoutubePrototypeTests.swift; sourceTree = "<group>"; };
		10DBE78F1F259E6A00B71C1F /* Info.plist */ = {isa = PBXFileReference; lastKnownFileType = text.plist.xml; path = Info.plist; sourceTree = "<group>"; };
		10DBE7941F259E6A00B71C1F /* YoutubePrototypeUITests.xctest */ = {isa = PBXFileReference; explicitFileType = wrapper.cfbundle; includeInIndex = 0; path = YoutubePrototypeUITests.xctest; sourceTree = BUILT_PRODUCTS_DIR; };
		10DBE7981F259E6A00B71C1F /* YoutubePrototypeUITests.swift */ = {isa = PBXFileReference; lastKnownFileType = sourcecode.swift; path = YoutubePrototypeUITests.swift; sourceTree = "<group>"; };
		10DBE79A1F259E6A00B71C1F /* Info.plist */ = {isa = PBXFileReference; lastKnownFileType = text.plist.xml; path = Info.plist; sourceTree = "<group>"; };
/* End PBXFileReference section */

/* Begin PBXFrameworksBuildPhase section */
		10DBE76F1F259E6900B71C1F /* Frameworks */ = {
			isa = PBXFrameworksBuildPhase;
			buildActionMask = 2147483647;
			files = (
			);
			runOnlyForDeploymentPostprocessing = 0;
		};
		10DBE7861F259E6A00B71C1F /* Frameworks */ = {
			isa = PBXFrameworksBuildPhase;
			buildActionMask = 2147483647;
			files = (
			);
			runOnlyForDeploymentPostprocessing = 0;
		};
		10DBE7911F259E6A00B71C1F /* Frameworks */ = {
			isa = PBXFrameworksBuildPhase;
			buildActionMask = 2147483647;
			files = (
			);
			runOnlyForDeploymentPostprocessing = 0;
		};
/* End PBXFrameworksBuildPhase section */

/* Begin PBXGroup section */
		10DBE7691F259E6900B71C1F = {
			isa = PBXGroup;
			children = (
				10DBE7741F259E6900B71C1F /* YoutubePrototype */,
				10DBE78C1F259E6A00B71C1F /* YoutubePrototypeTests */,
				10DBE7971F259E6A00B71C1F /* YoutubePrototypeUITests */,
				10DBE7731F259E6900B71C1F /* Products */,
			);
			sourceTree = "<group>";
		};
		10DBE7731F259E6900B71C1F /* Products */ = {
			isa = PBXGroup;
			children = (
				10DBE7721F259E6900B71C1F /* YoutubePrototype.app */,
				10DBE7891F259E6A00B71C1F /* YoutubePrototypeTests.xctest */,
				10DBE7941F259E6A00B71C1F /* YoutubePrototypeUITests.xctest */,
			);
			name = Products;
			sourceTree = "<group>";
		};
		10DBE7741F259E6900B71C1F /* YoutubePrototype */ = {
			isa = PBXGroup;
			children = (
				10DBE7751F259E6900B71C1F /* AppDelegate.swift */,
				10DBE7771F259E6900B71C1F /* ViewController.swift */,
				10DBE7791F259E6900B71C1F /* Main.storyboard */,
				10DBE77F1F259E6900B71C1F /* Assets.xcassets */,
				10DBE7811F259E6900B71C1F /* LaunchScreen.storyboard */,
				10DBE7841F259E6900B71C1F /* Info.plist */,
				10DBE77C1F259E6900B71C1F /* YoutubePrototype.xcdatamodeld */,
			);
			path = YoutubePrototype;
			sourceTree = "<group>";
		};
		10DBE78C1F259E6A00B71C1F /* YoutubePrototypeTests */ = {
			isa = PBXGroup;
			children = (
				10DBE78D1F259E6A00B71C1F /* YoutubePrototypeTests.swift */,
				10DBE78F1F259E6A00B71C1F /* Info.plist */,
			);
			path = YoutubePrototypeTests;
			sourceTree = "<group>";
		};
		10DBE7971F259E6A00B71C1F /* YoutubePrototypeUITests */ = {
			isa = PBXGroup;
			children = (
				10DBE7981F259E6A00B71C1F /* YoutubePrototypeUITests.swift */,
				10DBE79A1F259E6A00B71C1F /* Info.plist */,
			);
			path = YoutubePrototypeUITests;
			sourceTree = "<group>";
		};
/* End PBXGroup section */

/* Begin PBXNativeTarget section */
		10DBE7711F259E6900B71C1F /* YoutubePrototype */ = {
			isa = PBXNativeTarget;
			buildConfigurationList = 10DBE79D1F259E6A00B71C1F /* Build configuration list for PBXNativeTarget "YoutubePrototype" */;
			buildPhases = (
				10DBE76E1F259E6900B71C1F /* Sources */,
				10DBE76F1F259E6900B71C1F /* Frameworks */,
				10DBE7701F259E6900B71C1F /* Resources */,
			);
			buildRules = (
			);
			dependencies = (
			);
			name = YoutubePrototype;
			productName = YoutubePrototype;
			productReference = 10DBE7721F259E6900B71C1F /* YoutubePrototype.app */;
			productType = "com.apple.product-type.application";
		};
		10DBE7881F259E6A00B71C1F /* YoutubePrototypeTests */ = {
			isa = PBXNativeTarget;
			buildConfigurationList = 10DBE7A01F259E6A00B71C1F /* Build configuration list for PBXNativeTarget "YoutubePrototypeTests" */;
			buildPhases = (
				10DBE7851F259E6A00B71C1F /* Sources */,
				10DBE7861F259E6A00B71C1F /* Frameworks */,
				10DBE7871F259E6A00B71C1F /* Resources */,
			);
			buildRules = (
			);
			dependencies = (
				10DBE78B1F259E6A00B71C1F /* PBXTargetDependency */,
			);
			name = YoutubePrototypeTests;
			productName = YoutubePrototypeTests;
			productReference = 10DBE7891F259E6A00B71C1F /* YoutubePrototypeTests.xctest */;
			productType = "com.apple.product-type.bundle.unit-test";
		};
		10DBE7931F259E6A00B71C1F /* YoutubePrototypeUITests */ = {
			isa = PBXNativeTarget;
			buildConfigurationList = 10DBE7A31F259E6A00B71C1F /* Build configuration list for PBXNativeTarget "YoutubePrototypeUITests" */;
			buildPhases = (
				10DBE7901F259E6A00B71C1F /* Sources */,
				10DBE7911F259E6A00B71C1F /* Frameworks */,
				10DBE7921F259E6A00B71C1F /* Resources */,
			);
			buildRules = (
			);
			dependencies = (
				10DBE7961F259E6A00B71C1F /* PBXTargetDependency */,
			);
			name = YoutubePrototypeUITests;
			productName = YoutubePrototypeUITests;
			productReference = 10DBE7941F259E6A00B71C1F /* YoutubePrototypeUITests.xctest */;
			productType = "com.apple.product-type.bundle.ui-testing";
		};
/* End PBXNativeTarget section */

/* Begin PBXProject section */
		10DBE76A1F259E6900B71C1F /* Project object */ = {
			isa = PBXProject;
			attributes = {
				LastSwiftUpdateCheck = 0900;
				LastUpgradeCheck = 0900;
				ORGANIZATIONNAME = Chien;
				TargetAttributes = {
					10DBE7711F259E6900B71C1F = {
						CreatedOnToolsVersion = 9.0;
					};
					10DBE7881F259E6A00B71C1F = {
						CreatedOnToolsVersion = 9.0;
						TestTargetID = 10DBE7711F259E6900B71C1F;
					};
					10DBE7931F259E6A00B71C1F = {
						CreatedOnToolsVersion = 9.0;
						TestTargetID = 10DBE7711F259E6900B71C1F;
					};
				};
			};
			buildConfigurationList = 10DBE76D1F259E6900B71C1F /* Build configuration list for PBXProject "YoutubePrototype" */;
			compatibilityVersion = "Xcode 8.0";
			developmentRegion = en;
			hasScannedForEncodings = 0;
			knownRegions = (
				en,
				Base,
			);
			mainGroup = 10DBE7691F259E6900B71C1F;
			productRefGroup = 10DBE7731F259E6900B71C1F /* Products */;
			projectDirPath = "";
			projectRoot = "";
			targets = (
				10DBE7711F259E6900B71C1F /* YoutubePrototype */,
				10DBE7881F259E6A00B71C1F /* YoutubePrototypeTests */,
				10DBE7931F259E6A00B71C1F /* YoutubePrototypeUITests */,
			);
		};
/* End PBXProject section */

/* Begin PBXResourcesBuildPhase section */
		10DBE7701F259E6900B71C1F /* Resources */ = {
			isa = PBXResourcesBuildPhase;
			buildActionMask = 2147483647;
			files = (
				10DBE7831F259E6900B71C1F /* LaunchScreen.storyboard in Resources */,
				10DBE7801F259E6900B71C1F /* Assets.xcassets in Resources */,
				10DBE77B1F259E6900B71C1F /* Main.storyboard in Resources */,
			);
			runOnlyForDeploymentPostprocessing = 0;
		};
		10DBE7871F259E6A00B71C1F /* Resources */ = {
			isa = PBXResourcesBuildPhase;
			buildActionMask = 2147483647;
			files = (
			);
			runOnlyForDeploymentPostprocessing = 0;
		};
		10DBE7921F259E6A00B71C1F /* Resources */ = {
			isa = PBXResourcesBuildPhase;
			buildActionMask = 2147483647;
			files = (
			);
			runOnlyForDeploymentPostprocessing = 0;
		};
/* End PBXResourcesBuildPhase section */

/* Begin PBXSourcesBuildPhase section */
		10DBE76E1F259E6900B71C1F /* Sources */ = {
			isa = PBXSourcesBuildPhase;
			buildActionMask = 2147483647;
			files = (
				10DBE7781F259E6900B71C1F /* ViewController.swift in Sources */,
				10DBE77E1F259E6900B71C1F /* YoutubePrototype.xcdatamodeld in Sources */,
				10DBE7761F259E6900B71C1F /* AppDelegate.swift in Sources */,
			);
			runOnlyForDeploymentPostprocessing = 0;
		};
		10DBE7851F259E6A00B71C1F /* Sources */ = {
			isa = PBXSourcesBuildPhase;
			buildActionMask = 2147483647;
			files = (
				10DBE78E1F259E6A00B71C1F /* YoutubePrototypeTests.swift in Sources */,
			);
			runOnlyForDeploymentPostprocessing = 0;
		};
		10DBE7901F259E6A00B71C1F /* Sources */ = {
			isa = PBXSourcesBuildPhase;
			buildActionMask = 2147483647;
			files = (
				10DBE7991F259E6A00B71C1F /* YoutubePrototypeUITests.swift in Sources */,
			);
			runOnlyForDeploymentPostprocessing = 0;
		};
/* End PBXSourcesBuildPhase section */

/* Begin PBXTargetDependency section */
		10DBE78B1F259E6A00B71C1F /* PBXTargetDependency */ = {
			isa = PBXTargetDependency;
			target = 10DBE7711F259E6900B71C1F /* YoutubePrototype */;
			targetProxy = 10DBE78A1F259E6A00B71C1F /* PBXContainerItemProxy */;
		};
		10DBE7961F259E6A00B71C1F /* PBXTargetDependency */ = {
			isa = PBXTargetDependency;
			target = 10DBE7711F259E6900B71C1F /* YoutubePrototype */;
			targetProxy = 10DBE7951F259E6A00B71C1F /* PBXContainerItemProxy */;
		};
/* End PBXTargetDependency section */

/* Begin PBXVariantGroup section */
		10DBE7791F259E6900B71C1F /* Main.storyboard */ = {
			isa = PBXVariantGroup;
			children = (
				10DBE77A1F259E6900B71C1F /* Base */,
			);
			name = Main.storyboard;
			sourceTree = "<group>";
		};
		10DBE7811F259E6900B71C1F /* LaunchScreen.storyboard */ = {
			isa = PBXVariantGroup;
			children = (
				10DBE7821F259E6900B71C1F /* Base */,
			);
			name = LaunchScreen.storyboard;
			sourceTree = "<group>";
		};
/* End PBXVariantGroup section */

/* Begin XCBuildConfiguration section */
		10DBE79B1F259E6A00B71C1F /* Debug */ = {
			isa = XCBuildConfiguration;
			buildSettings = {
				ALWAYS_SEARCH_USER_PATHS = NO;
				CLANG_ANALYZER_NONNULL = YES;
				CLANG_ANALYZER_NUMBER_OBJECT_CONVERSION = YES_AGGRESSIVE;
				CLANG_CXX_LANGUAGE_STANDARD = "gnu++14";
				CLANG_CXX_LIBRARY = "libc++";
				CLANG_ENABLE_MODULES = YES;
				CLANG_ENABLE_OBJC_ARC = YES;
				CLANG_WARN_BLOCK_CAPTURE_AUTORELEASING = YES;
				CLANG_WARN_BOOL_CONVERSION = YES;
				CLANG_WARN_COMMA = YES;
				CLANG_WARN_CONSTANT_CONVERSION = YES;
				CLANG_WARN_DIRECT_OBJC_ISA_USAGE = YES_ERROR;
				CLANG_WARN_DOCUMENTATION_COMMENTS = YES;
				CLANG_WARN_EMPTY_BODY = YES;
				CLANG_WARN_ENUM_CONVERSION = YES;
				CLANG_WARN_INFINITE_RECURSION = YES;
				CLANG_WARN_INT_CONVERSION = YES;
				CLANG_WARN_NON_LITERAL_NULL_CONVERSION = YES;
				CLANG_WARN_OBJC_LITERAL_CONVERSION = YES;
				CLANG_WARN_OBJC_ROOT_CLASS = YES_ERROR;
				CLANG_WARN_RANGE_LOOP_ANALYSIS = YES;
				CLANG_WARN_STRICT_PROTOTYPES = YES;
				CLANG_WARN_SUSPICIOUS_MOVE = YES;
				CLANG_WARN_UNGUARDED_AVAILABILITY = YES_AGGRESSIVE;
				CLANG_WARN_UNREACHABLE_CODE = YES;
				CLANG_WARN__DUPLICATE_METHOD_MATCH = YES;
				CODE_SIGN_IDENTITY = "iPhone Developer";
				COPY_PHASE_STRIP = NO;
				DEBUG_INFORMATION_FORMAT = dwarf;
				ENABLE_STRICT_OBJC_MSGSEND = YES;
				ENABLE_TESTABILITY = YES;
				GCC_C_LANGUAGE_STANDARD = gnu11;
				GCC_DYNAMIC_NO_PIC = NO;
				GCC_NO_COMMON_BLOCKS = YES;
				GCC_OPTIMIZATION_LEVEL = 0;
				GCC_PREPROCESSOR_DEFINITIONS = (
					"DEBUG=1",
					"$(inherited)",
				);
				GCC_WARN_64_TO_32_BIT_CONVERSION = YES;
				GCC_WARN_ABOUT_RETURN_TYPE = YES_ERROR;
				GCC_WARN_UNDECLARED_SELECTOR = YES;
				GCC_WARN_UNINITIALIZED_AUTOS = YES_AGGRESSIVE;
				GCC_WARN_UNUSED_FUNCTION = YES;
				GCC_WARN_UNUSED_VARIABLE = YES;
				IPHONEOS_DEPLOYMENT_TARGET = 11.0;
				MTL_ENABLE_DEBUG_INFO = YES;
				ONLY_ACTIVE_ARCH = YES;
				SDKROOT = iphoneos;
				SWIFT_ACTIVE_COMPILATION_CONDITIONS = DEBUG;
				SWIFT_OPTIMIZATION_LEVEL = "-Onone";
			};
			name = Debug;
		};
		10DBE79C1F259E6A00B71C1F /* Release */ = {
			isa = XCBuildConfiguration;
			buildSettings = {
				ALWAYS_SEARCH_USER_PATHS = NO;
				CLANG_ANALYZER_NONNULL = YES;
				CLANG_ANALYZER_NUMBER_OBJECT_CONVERSION = YES_AGGRESSIVE;
				CLANG_CXX_LANGUAGE_STANDARD = "gnu++14";
				CLANG_CXX_LIBRARY = "libc++";
				CLANG_ENABLE_MODULES = YES;
				CLANG_ENABLE_OBJC_ARC = YES;
				CLANG_WARN_BLOCK_CAPTURE_AUTORELEASING = YES;
				CLANG_WARN_BOOL_CONVERSION = YES;
				CLANG_WARN_COMMA = YES;
				CLANG_WARN_CONSTANT_CONVERSION = YES;
				CLANG_WARN_DIRECT_OBJC_ISA_USAGE = YES_ERROR;
				CLANG_WARN_DOCUMENTATION_COMMENTS = YES;
				CLANG_WARN_EMPTY_BODY = YES;
				CLANG_WARN_ENUM_CONVERSION = YES;
				CLANG_WARN_INFINITE_RECURSION = YES;
				CLANG_WARN_INT_CONVERSION = YES;
				CLANG_WARN_NON_LITERAL_NULL_CONVERSION = YES;
				CLANG_WARN_OBJC_LITERAL_CONVERSION = YES;
				CLANG_WARN_OBJC_ROOT_CLASS = YES_ERROR;
				CLANG_WARN_RANGE_LOOP_ANALYSIS = YES;
				CLANG_WARN_STRICT_PROTOTYPES = YES;
				CLANG_WARN_SUSPICIOUS_MOVE = YES;
				CLANG_WARN_UNGUARDED_AVAILABILITY = YES_AGGRESSIVE;
				CLANG_WARN_UNREACHABLE_CODE = YES;
				CLANG_WARN__DUPLICATE_METHOD_MATCH = YES;
				CODE_SIGN_IDENTITY = "iPhone Developer";
				COPY_PHASE_STRIP = NO;
				DEBUG_INFORMATION_FORMAT = "dwarf-with-dsym";
				ENABLE_NS_ASSERTIONS = NO;
				ENABLE_STRICT_OBJC_MSGSEND = YES;
				GCC_C_LANGUAGE_STANDARD = gnu11;
				GCC_NO_COMMON_BLOCKS = YES;
				GCC_WARN_64_TO_32_BIT_CONVERSION = YES;
				GCC_WARN_ABOUT_RETURN_TYPE = YES_ERROR;
				GCC_WARN_UNDECLARED_SELECTOR = YES;
				GCC_WARN_UNINITIALIZED_AUTOS = YES_AGGRESSIVE;
				GCC_WARN_UNUSED_FUNCTION = YES;
				GCC_WARN_UNUSED_VARIABLE = YES;
				IPHONEOS_DEPLOYMENT_TARGET = 11.0;
				MTL_ENABLE_DEBUG_INFO = NO;
				SDKROOT = iphoneos;
				SWIFT_OPTIMIZATION_LEVEL = "-Owholemodule";
				VALIDATE_PRODUCT = YES;
			};
			name = Release;
		};
		10DBE79E1F259E6A00B71C1F /* Debug */ = {
			isa = XCBuildConfiguration;
			buildSettings = {
				ASSETCATALOG_COMPILER_APPICON_NAME = AppIcon;
				DEVELOPMENT_TEAM = A8238RHY3A;
				INFOPLIST_FILE = YoutubePrototype/Info.plist;
				LD_RUNPATH_SEARCH_PATHS = "$(inherited) @executable_path/Frameworks";
				PRODUCT_BUNDLE_IDENTIFIER = com.bnc.YoutubePrototype;
				PRODUCT_NAME = "$(TARGET_NAME)";
				SWIFT_VERSION = 4.0;
				TARGETED_DEVICE_FAMILY = "1,2";
			};
			name = Debug;
		};
		10DBE79F1F259E6A00B71C1F /* Release */ = {
			isa = XCBuildConfiguration;
			buildSettings = {
				ASSETCATALOG_COMPILER_APPICON_NAME = AppIcon;
				DEVELOPMENT_TEAM = A8238RHY3A;
				INFOPLIST_FILE = YoutubePrototype/Info.plist;
				LD_RUNPATH_SEARCH_PATHS = "$(inherited) @executable_path/Frameworks";
				PRODUCT_BUNDLE_IDENTIFIER = com.bnc.YoutubePrototype;
				PRODUCT_NAME = "$(TARGET_NAME)";
				SWIFT_VERSION = 4.0;
				TARGETED_DEVICE_FAMILY = "1,2";
			};
			name = Release;
		};
		10DBE7A11F259E6A00B71C1F /* Debug */ = {
			isa = XCBuildConfiguration;
			buildSettings = {
				ALWAYS_EMBED_SWIFT_STANDARD_LIBRARIES = YES;
				BUNDLE_LOADER = "$(TEST_HOST)";
				DEVELOPMENT_TEAM = A8238RHY3A;
				INFOPLIST_FILE = YoutubePrototypeTests/Info.plist;
				LD_RUNPATH_SEARCH_PATHS = "$(inherited) @executable_path/Frameworks @loader_path/Frameworks";
				PRODUCT_BUNDLE_IDENTIFIER = com.bnc.YoutubePrototypeTests;
				PRODUCT_NAME = "$(TARGET_NAME)";
				SWIFT_VERSION = 4.0;
				TARGETED_DEVICE_FAMILY = "1,2";
				TEST_HOST = "$(BUILT_PRODUCTS_DIR)/YoutubePrototype.app/YoutubePrototype";
			};
			name = Debug;
		};
		10DBE7A21F259E6A00B71C1F /* Release */ = {
			isa = XCBuildConfiguration;
			buildSettings = {
				ALWAYS_EMBED_SWIFT_STANDARD_LIBRARIES = YES;
				BUNDLE_LOADER = "$(TEST_HOST)";
				DEVELOPMENT_TEAM = A8238RHY3A;
				INFOPLIST_FILE = YoutubePrototypeTests/Info.plist;
				LD_RUNPATH_SEARCH_PATHS = "$(inherited) @executable_path/Frameworks @loader_path/Frameworks";
				PRODUCT_BUNDLE_IDENTIFIER = com.bnc.YoutubePrototypeTests;
				PRODUCT_NAME = "$(TARGET_NAME)";
				SWIFT_VERSION = 4.0;
				TARGETED_DEVICE_FAMILY = "1,2";
				TEST_HOST = "$(BUILT_PRODUCTS_DIR)/YoutubePrototype.app/YoutubePrototype";
			};
			name = Release;
		};
		10DBE7A41F259E6A00B71C1F /* Debug */ = {
			isa = XCBuildConfiguration;
			buildSettings = {
				ALWAYS_EMBED_SWIFT_STANDARD_LIBRARIES = YES;
				DEVELOPMENT_TEAM = A8238RHY3A;
				INFOPLIST_FILE = YoutubePrototypeUITests/Info.plist;
				LD_RUNPATH_SEARCH_PATHS = "$(inherited) @executable_path/Frameworks @loader_path/Frameworks";
				PRODUCT_BUNDLE_IDENTIFIER = com.bnc.YoutubePrototypeUITests;
				PRODUCT_NAME = "$(TARGET_NAME)";
				SWIFT_VERSION = 4.0;
				TARGETED_DEVICE_FAMILY = "1,2";
				TEST_TARGET_NAME = YoutubePrototype;
			};
			name = Debug;
		};
		10DBE7A51F259E6A00B71C1F /* Release */ = {
			isa = XCBuildConfiguration;
			buildSettings = {
				ALWAYS_EMBED_SWIFT_STANDARD_LIBRARIES = YES;
				DEVELOPMENT_TEAM = A8238RHY3A;
				INFOPLIST_FILE = YoutubePrototypeUITests/Info.plist;
				LD_RUNPATH_SEARCH_PATHS = "$(inherited) @executable_path/Frameworks @loader_path/Frameworks";
				PRODUCT_BUNDLE_IDENTIFIER = com.bnc.YoutubePrototypeUITests;
				PRODUCT_NAME = "$(TARGET_NAME)";
				SWIFT_VERSION = 4.0;
				TARGETED_DEVICE_FAMILY = "1,2";
				TEST_TARGET_NAME = YoutubePrototype;
			};
			name = Release;
		};
/* End XCBuildConfiguration section */

/* Begin XCConfigurationList section */
		10DBE76D1F259E6900B71C1F /* Build configuration list for PBXProject "YoutubePrototype" */ = {
			isa = XCConfigurationList;
			buildConfigurations = (
				10DBE79B1F259E6A00B71C1F /* Debug */,
				10DBE79C1F259E6A00B71C1F /* Release */,
			);
			defaultConfigurationIsVisible = 0;
			defaultConfigurationName = Release;
		};
		10DBE79D1F259E6A00B71C1F /* Build configuration list for PBXNativeTarget "YoutubePrototype" */ = {
			isa = XCConfigurationList;
			buildConfigurations = (
				10DBE79E1F259E6A00B71C1F /* Debug */,
				10DBE79F1F259E6A00B71C1F /* Release */,
			);
			defaultConfigurationIsVisible = 0;
		};
		10DBE7A01F259E6A00B71C1F /* Build configuration list for PBXNativeTarget "YoutubePrototypeTests" */ = {
			isa = XCConfigurationList;
			buildConfigurations = (
				10DBE7A11F259E6A00B71C1F /* Debug */,
				10DBE7A21F259E6A00B71C1F /* Release */,
			);
			defaultConfigurationIsVisible = 0;
		};
		10DBE7A31F259E6A00B71C1F /* Build configuration list for PBXNativeTarget "YoutubePrototypeUITests" */ = {
			isa = XCConfigurationList;
			buildConfigurations = (
				10DBE7A41F259E6A00B71C1F /* Debug */,
				10DBE7A51F259E6A00B71C1F /* Release */,
			);
			defaultConfigurationIsVisible = 0;
		};
/* End XCConfigurationList section */

/* Begin XCVersionGroup section */
		10DBE77C1F259E6900B71C1F /* YoutubePrototype.xcdatamodeld */ = {
			isa = XCVersionGroup;
			children = (
				10DBE77D1F259E6900B71C1F /* YoutubePrototype.xcdatamodel */,
			);
			currentVersion = 10DBE77D1F259E6900B71C1F /* YoutubePrototype.xcdatamodel */;
			path = YoutubePrototype.xcdatamodeld;
			sourceTree = "<group>";
			versionGroupType = wrapper.xcdatamodel;
		};
/* End XCVersionGroup section */
	};
	rootObject = 10DBE76A1F259E6900B71C1F /* Project object */;
}
